// !$*UTF8*$!
{
	archiveVersion = 1;
	classes = {
	};
	objectVersion = 55;
	objects = {

/* Begin PBXBuildFile section */
		30FF671F29520E19006C9058 /* sneaker_pegasustrail.usdz in Resources */ = {isa = PBXBuildFile; fileRef = 30FF671E29520E19006C9058 /* sneaker_pegasustrail.usdz */; };
		30FF672129520E5C006C9058 /* ARQuickLookViewController.swift in Sources */ = {isa = PBXBuildFile; fileRef = 30FF672029520E5C006C9058 /* ARQuickLookViewController.swift */; };
		CE436D242912359A001B00D0 /* USDzExperienceApp.swift in Sources */ = {isa = PBXBuildFile; fileRef = CE436D232912359A001B00D0 /* USDzExperienceApp.swift */; };
		CE436D262912359A001B00D0 /* ContentView.swift in Sources */ = {isa = PBXBuildFile; fileRef = CE436D252912359A001B00D0 /* ContentView.swift */; };
		CE436D282912359D001B00D0 /* Assets.xcassets in Resources */ = {isa = PBXBuildFile; fileRef = CE436D272912359D001B00D0 /* Assets.xcassets */; };
		CE436D2B2912359D001B00D0 /* Preview Assets.xcassets in Resources */ = {isa = PBXBuildFile; fileRef = CE436D2A2912359D001B00D0 /* Preview Assets.xcassets */; };
		CE436D32291246B0001B00D0 /* Shoe.scn in Resources */ = {isa = PBXBuildFile; fileRef = CE436D31291246B0001B00D0 /* Shoe.scn */; };
		CE436D3429125044001B00D0 /* Home.swift in Sources */ = {isa = PBXBuildFile; fileRef = CE436D3329125044001B00D0 /* Home.swift */; };
		CE436D37291253B4001B00D0 /* CustomSceneView.swift in Sources */ = {isa = PBXBuildFile; fileRef = CE436D36291253B4001B00D0 /* CustomSceneView.swift */; };
/* End PBXBuildFile section */

/* Begin PBXFileReference section */
		30FF671E29520E19006C9058 /* sneaker_pegasustrail.usdz */ = {isa = PBXFileReference; lastKnownFileType = file.usdz; path = sneaker_pegasustrail.usdz; sourceTree = "<group>"; };
		30FF672029520E5C006C9058 /* ARQuickLookViewController.swift */ = {isa = PBXFileReference; lastKnownFileType = sourcecode.swift; path = ARQuickLookViewController.swift; sourceTree = "<group>"; };
		CE436D202912359A001B00D0 /* USDzExperience.app */ = {isa = PBXFileReference; explicitFileType = wrapper.application; includeInIndex = 0; path = USDzExperience.app; sourceTree = BUILT_PRODUCTS_DIR; };
		CE436D232912359A001B00D0 /* USDzExperienceApp.swift */ = {isa = PBXFileReference; lastKnownFileType = sourcecode.swift; path = USDzExperienceApp.swift; sourceTree = "<group>"; };
		CE436D252912359A001B00D0 /* ContentView.swift */ = {isa = PBXFileReference; lastKnownFileType = sourcecode.swift; path = ContentView.swift; sourceTree = "<group>"; };
		CE436D272912359D001B00D0 /* Assets.xcassets */ = {isa = PBXFileReference; lastKnownFileType = folder.assetcatalog; path = Assets.xcassets; sourceTree = "<group>"; };
		CE436D2A2912359D001B00D0 /* Preview Assets.xcassets */ = {isa = PBXFileReference; lastKnownFileType = folder.assetcatalog; path = "Preview Assets.xcassets"; sourceTree = "<group>"; };
		CE436D31291246B0001B00D0 /* Shoe.scn */ = {isa = PBXFileReference; lastKnownFileType = file.bplist; path = Shoe.scn; sourceTree = "<group>"; };
		CE436D3329125044001B00D0 /* Home.swift */ = {isa = PBXFileReference; lastKnownFileType = sourcecode.swift; path = Home.swift; sourceTree = "<group>"; };
		CE436D36291253B4001B00D0 /* CustomSceneView.swift */ = {isa = PBXFileReference; lastKnownFileType = sourcecode.swift; path = CustomSceneView.swift; sourceTree = "<group>"; };
/* End PBXFileReference section */

/* Begin PBXFrameworksBuildPhase section */
		CE436D1D2912359A001B00D0 /* Frameworks */ = {
			isa = PBXFrameworksBuildPhase;
			buildActionMask = 2147483647;
			files = (
			);
			runOnlyForDeploymentPostprocessing = 0;
		};
/* End PBXFrameworksBuildPhase section */

/* Begin PBXGroup section */
		CE436D172912359A001B00D0 = {
			isa = PBXGroup;
			children = (
				CE436D31291246B0001B00D0 /* Shoe.scn */,
				30FF671E29520E19006C9058 /* sneaker_pegasustrail.usdz */,
				CE436D222912359A001B00D0 /* USDzExperience */,
				CE436D212912359A001B00D0 /* Products */,
			);
			sourceTree = "<group>";
		};
		CE436D212912359A001B00D0 /* Products */ = {
			isa = PBXGroup;
			children = (
				CE436D202912359A001B00D0 /* USDzExperience.app */,
			);
			name = Products;
			sourceTree = "<group>";
		};
		CE436D222912359A001B00D0 /* USDzExperience */ = {
			isa = PBXGroup;
			children = (
				CE436D232912359A001B00D0 /* USDzExperienceApp.swift */,
				CE436D252912359A001B00D0 /* ContentView.swift */,
				CE436D352912515C001B00D0 /* View */,
				CE436D272912359D001B00D0 /* Assets.xcassets */,
				CE436D292912359D001B00D0 /* Preview Content */,
				30FF672029520E5C006C9058 /* ARQuickLookViewController.swift */,
			);
			path = USDzExperience;
			sourceTree = "<group>";
		};
		CE436D292912359D001B00D0 /* Preview Content */ = {
			isa = PBXGroup;
			children = (
				CE436D2A2912359D001B00D0 /* Preview Assets.xcassets */,
			);
			path = "Preview Content";
			sourceTree = "<group>";
		};
		CE436D352912515C001B00D0 /* View */ = {
			isa = PBXGroup;
			children = (
				CE436D3329125044001B00D0 /* Home.swift */,
				CE436D36291253B4001B00D0 /* CustomSceneView.swift */,
			);
			path = View;
			sourceTree = "<group>";
		};
/* End PBXGroup section */

/* Begin PBXNativeTarget section */
		CE436D1F2912359A001B00D0 /* USDzExperience */ = {
			isa = PBXNativeTarget;
			buildConfigurationList = CE436D2E2912359D001B00D0 /* Build configuration list for PBXNativeTarget "USDzExperience" */;
			buildPhases = (
				CE436D1C2912359A001B00D0 /* Sources */,
				CE436D1D2912359A001B00D0 /* Frameworks */,
				CE436D1E2912359A001B00D0 /* Resources */,
			);
			buildRules = (
			);
			dependencies = (
			);
			name = USDzExperience;
			productName = USDzExperience;
			productReference = CE436D202912359A001B00D0 /* USDzExperience.app */;
			productType = "com.apple.product-type.application";
		};
/* End PBXNativeTarget section */

/* Begin PBXProject section */
		CE436D182912359A001B00D0 /* Project object */ = {
			isa = PBXProject;
			attributes = {
				BuildIndependentTargetsInParallel = 1;
				LastSwiftUpdateCheck = 1340;
				LastUpgradeCheck = 1340;
				TargetAttributes = {
					CE436D1F2912359A001B00D0 = {
						CreatedOnToolsVersion = 13.4.1;
					};
				};
			};
			buildConfigurationList = CE436D1B2912359A001B00D0 /* Build configuration list for PBXProject "USDzExperience" */;
			compatibilityVersion = "Xcode 13.0";
			developmentRegion = en;
			hasScannedForEncodings = 0;
			knownRegions = (
				en,
				Base,
			);
			mainGroup = CE436D172912359A001B00D0;
			productRefGroup = CE436D212912359A001B00D0 /* Products */;
			projectDirPath = "";
			projectRoot = "";
			targets = (
				CE436D1F2912359A001B00D0 /* USDzExperience */,
			);
		};
/* End PBXProject section */

/* Begin PBXResourcesBuildPhase section */
		CE436D1E2912359A001B00D0 /* Resources */ = {
			isa = PBXResourcesBuildPhase;
			buildActionMask = 2147483647;
			files = (
				CE436D32291246B0001B00D0 /* Shoe.scn in Resources */,
				30FF671F29520E19006C9058 /* sneaker_pegasustrail.usdz in Resources */,
				CE436D2B2912359D001B00D0 /* Preview Assets.xcassets in Resources */,
				CE436D282912359D001B00D0 /* Assets.xcassets in Resources */,
			);
			runOnlyForDeploymentPostprocessing = 0;
		};
/* End PBXResourcesBuildPhase section */

/* Begin PBXSourcesBuildPhase section */
		CE436D1C2912359A001B00D0 /* Sources */ = {
			isa = PBXSourcesBuildPhase;
			buildActionMask = 2147483647;
			files = (
				CE436D37291253B4001B00D0 /* CustomSceneView.swift in Sources */,
				30FF672129520E5C006C9058 /* ARQuickLookViewController.swift in Sources */,
				CE436D262912359A001B00D0 /* ContentView.swift in Sources */,
				CE436D3429125044001B00D0 /* Home.swift in Sources */,
				CE436D242912359A001B00D0 /* USDzExperienceApp.swift in Sources */,
			);
			runOnlyForDeploymentPostprocessing = 0;
		};
/* End PBXSourcesBuildPhase section */

/* Begin XCBuildConfiguration section */
		CE436D2C2912359D001B00D0 /* Debug */ = {
			isa = XCBuildConfiguration;
			buildSettings = {
				ALWAYS_SEARCH_USER_PATHS = NO;
				CLANG_ANALYZER_NONNULL = YES;
				CLANG_ANALYZER_NUMBER_OBJECT_CONVERSION = YES_AGGRESSIVE;
				CLANG_CXX_LANGUAGE_STANDARD = "gnu++17";
				CLANG_ENABLE_MODULES = YES;
				CLANG_ENABLE_OBJC_ARC = YES;
				CLANG_ENABLE_OBJC_WEAK = YES;
				CLANG_WARN_BLOCK_CAPTURE_AUTORELEASING = YES;
				CLANG_WARN_BOOL_CONVERSION = YES;
				CLANG_WARN_COMMA = YES;
				CLANG_WARN_CONSTANT_CONVERSION = YES;
				CLANG_WARN_DEPRECATED_OBJC_IMPLEMENTATIONS = YES;
				CLANG_WARN_DIRECT_OBJC_ISA_USAGE = YES_ERROR;
				CLANG_WARN_DOCUMENTATION_COMMENTS = YES;
				CLANG_WARN_EMPTY_BODY = YES;
				CLANG_WARN_ENUM_CONVERSION = YES;
				CLANG_WARN_INFINITE_RECURSION = YES;
				CLANG_WARN_INT_CONVERSION = YES;
				CLANG_WARN_NON_LITERAL_NULL_CONVERSION = YES;
				CLANG_WARN_OBJC_IMPLICIT_RETAIN_SELF = YES;
				CLANG_WARN_OBJC_LITERAL_CONVERSION = YES;
				CLANG_WARN_OBJC_ROOT_CLASS = YES_ERROR;
				CLANG_WARN_QUOTED_INCLUDE_IN_FRAMEWORK_HEADER = YES;
				CLANG_WARN_RANGE_LOOP_ANALYSIS = YES;
				CLANG_WARN_STRICT_PROTOTYPES = YES;
				CLANG_WARN_SUSPICIOUS_MOVE = YES;
				CLANG_WARN_UNGUARDED_AVAILABILITY = YES_AGGRESSIVE;
				CLANG_WARN_UNREACHABLE_CODE = YES;
				CLANG_WARN__DUPLICATE_METHOD_MATCH = YES;
				COPY_PHASE_STRIP = NO;
				DEBUG_INFORMATION_FORMAT = dwarf;
				ENABLE_STRICT_OBJC_MSGSEND = YES;
				ENABLE_TESTABILITY = YES;
				GCC_C_LANGUAGE_STANDARD = gnu11;
				GCC_DYNAMIC_NO_PIC = NO;
				GCC_NO_COMMON_BLOCKS = YES;
				GCC_OPTIMIZATION_LEVEL = 0;
				GCC_PREPROCESSOR_DEFINITIONS = (
					"DEBUG=1",
					"$(inherited)",
				);
				GCC_WARN_64_TO_32_BIT_CONVERSION = YES;
				GCC_WARN_ABOUT_RETURN_TYPE = YES_ERROR;
				GCC_WARN_UNDECLARED_SELECTOR = YES;
				GCC_WARN_UNINITIALIZED_AUTOS = YES_AGGRESSIVE;
				GCC_WARN_UNUSED_FUNCTION = YES;
				GCC_WARN_UNUSED_VARIABLE = YES;
				IPHONEOS_DEPLOYMENT_TARGET = 15.5;
				MTL_ENABLE_DEBUG_INFO = INCLUDE_SOURCE;
				MTL_FAST_MATH = YES;
				ONLY_ACTIVE_ARCH = YES;
				SDKROOT = iphoneos;
				SWIFT_ACTIVE_COMPILATION_CONDITIONS = DEBUG;
				SWIFT_OPTIMIZATION_LEVEL = "-Onone";
			};
			name = Debug;
		};
		CE436D2D2912359D001B00D0 /* Release */ = {
			isa = XCBuildConfiguration;
			buildSettings = {
				ALWAYS_SEARCH_USER_PATHS = NO;
				CLANG_ANALYZER_NONNULL = YES;
				CLANG_ANALYZER_NUMBER_OBJECT_CONVERSION = YES_AGGRESSIVE;
				CLANG_CXX_LANGUAGE_STANDARD = "gnu++17";
				CLANG_ENABLE_MODULES = YES;
				CLANG_ENABLE_OBJC_ARC = YES;
				CLANG_ENABLE_OBJC_WEAK = YES;
				CLANG_WARN_BLOCK_CAPTURE_AUTORELEASING = YES;
				CLANG_WARN_BOOL_CONVERSION = YES;
				CLANG_WARN_COMMA = YES;
				CLANG_WARN_CONSTANT_CONVERSION = YES;
				CLANG_WARN_DEPRECATED_OBJC_IMPLEMENTATIONS = YES;
				CLANG_WARN_DIRECT_OBJC_ISA_USAGE = YES_ERROR;
				CLANG_WARN_DOCUMENTATION_COMMENTS = YES;
				CLANG_WARN_EMPTY_BODY = YES;
				CLANG_WARN_ENUM_CONVERSION = YES;
				CLANG_WARN_INFINITE_RECURSION = YES;
				CLANG_WARN_INT_CONVERSION = YES;
				CLANG_WARN_NON_LITERAL_NULL_CONVERSION = YES;
				CLANG_WARN_OBJC_IMPLICIT_RETAIN_SELF = YES;
				CLANG_WARN_OBJC_LITERAL_CONVERSION = YES;
				CLANG_WARN_OBJC_ROOT_CLASS = YES_ERROR;
				CLANG_WARN_QUOTED_INCLUDE_IN_FRAMEWORK_HEADER = YES;
				CLANG_WARN_RANGE_LOOP_ANALYSIS = YES;
				CLANG_WARN_STRICT_PROTOTYPES = YES;
				CLANG_WARN_SUSPICIOUS_MOVE = YES;
				CLANG_WARN_UNGUARDED_AVAILABILITY = YES_AGGRESSIVE;
				CLANG_WARN_UNREACHABLE_CODE = YES;
				CLANG_WARN__DUPLICATE_METHOD_MATCH = YES;
				COPY_PHASE_STRIP = NO;
				DEBUG_INFORMATION_FORMAT = "dwarf-with-dsym";
				ENABLE_NS_ASSERTIONS = NO;
				ENABLE_STRICT_OBJC_MSGSEND = YES;
				GCC_C_LANGUAGE_STANDARD = gnu11;
				GCC_NO_COMMON_BLOCKS = YES;
				GCC_WARN_64_TO_32_BIT_CONVERSION = YES;
				GCC_WARN_ABOUT_RETURN_TYPE = YES_ERROR;
				GCC_WARN_UNDECLARED_SELECTOR = YES;
				GCC_WARN_UNINITIALIZED_AUTOS = YES_AGGRESSIVE;
				GCC_WARN_UNUSED_FUNCTION = YES;
				GCC_WARN_UNUSED_VARIABLE = YES;
				IPHONEOS_DEPLOYMENT_TARGET = 15.5;
				MTL_ENABLE_DEBUG_INFO = NO;
				MTL_FAST_MATH = YES;
				SDKROOT = iphoneos;
				SWIFT_COMPILATION_MODE = wholemodule;
				SWIFT_OPTIMIZATION_LEVEL = "-O";
				VALIDATE_PRODUCT = YES;
			};
			name = Release;
		};
		CE436D2F2912359D001B00D0 /* Debug */ = {
			isa = XCBuildConfiguration;
			buildSettings = {
				ASSETCATALOG_COMPILER_APPICON_NAME = AppIcon;
				ASSETCATALOG_COMPILER_GLOBAL_ACCENT_COLOR_NAME = AccentColor;
				CODE_SIGN_STYLE = Automatic;
				CURRENT_PROJECT_VERSION = 1;
				DEVELOPMENT_ASSET_PATHS = "\"USDzExperience/Preview Content\"";
				DEVELOPMENT_TEAM = 6W4YD5KNPW;
				ENABLE_PREVIEWS = YES;
				GENERATE_INFOPLIST_FILE = YES;
				INFOPLIST_KEY_UIApplicationSceneManifest_Generation = YES;
				INFOPLIST_KEY_UIApplicationSupportsIndirectInputEvents = YES;
				INFOPLIST_KEY_UILaunchScreen_Generation = YES;
				INFOPLIST_KEY_UISupportedInterfaceOrientations_iPad = "UIInterfaceOrientationPortrait UIInterfaceOrientationPortraitUpsideDown UIInterfaceOrientationLandscapeLeft UIInterfaceOrientationLandscapeRight";
				INFOPLIST_KEY_UISupportedInterfaceOrientations_iPhone = "UIInterfaceOrientationPortrait UIInterfaceOrientationLandscapeLeft UIInterfaceOrientationLandscapeRight";
				LD_RUNPATH_SEARCH_PATHS = (
					"$(inherited)",
					"@executable_path/Frameworks",
				);
				MARKETING_VERSION = 1.0;
				PRODUCT_BUNDLE_IDENTIFIER = com.jamesthang.USDzExperience;
				PRODUCT_NAME = "$(TARGET_NAME)";
				SWIFT_EMIT_LOC_STRINGS = YES;
				SWIFT_VERSION = 5.0;
				TARGETED_DEVICE_FAMILY = "1,2";
			};
			name = Debug;
		};
		CE436D302912359D001B00D0 /* Release */ = {
			isa = XCBuildConfiguration;
			buildSettings = {
				ASSETCATALOG_COMPILER_APPICON_NAME = AppIcon;
				ASSETCATALOG_COMPILER_GLOBAL_ACCENT_COLOR_NAME = AccentColor;
				CODE_SIGN_STYLE = Automatic;
				CURRENT_PROJECT_VERSION = 1;
				DEVELOPMENT_ASSET_PATHS = "\"USDzExperience/Preview Content\"";
				DEVELOPMENT_TEAM = 6W4YD5KNPW;
				ENABLE_PREVIEWS = YES;
				GENERATE_INFOPLIST_FILE = YES;
				INFOPLIST_KEY_UIApplicationSceneManifest_Generation = YES;
				INFOPLIST_KEY_UIApplicationSupportsIndirectInputEvents = YES;
				INFOPLIST_KEY_UILaunchScreen_Generation = YES;
				INFOPLIST_KEY_UISupportedInterfaceOrientations_iPad = "UIInterfaceOrientationPortrait UIInterfaceOrientationPortraitUpsideDown UIInterfaceOrientationLandscapeLeft UIInterfaceOrientationLandscapeRight";
				INFOPLIST_KEY_UISupportedInterfaceOrientations_iPhone = "UIInterfaceOrientationPortrait UIInterfaceOrientationLandscapeLeft UIInterfaceOrientationLandscapeRight";
				LD_RUNPATH_SEARCH_PATHS = (
					"$(inherited)",
					"@executable_path/Frameworks",
				);
				MARKETING_VERSION = 1.0;
				PRODUCT_BUNDLE_IDENTIFIER = com.jamesthang.USDzExperience;
				PRODUCT_NAME = "$(TARGET_NAME)";
				SWIFT_EMIT_LOC_STRINGS = YES;
				SWIFT_VERSION = 5.0;
				TARGETED_DEVICE_FAMILY = "1,2";
			};
			name = Release;
		};
/* End XCBuildConfiguration section */

/* Begin XCConfigurationList section */
		CE436D1B2912359A001B00D0 /* Build configuration list for PBXProject "USDzExperience" */ = {
			isa = XCConfigurationList;
			buildConfigurations = (
				CE436D2C2912359D001B00D0 /* Debug */,
				CE436D2D2912359D001B00D0 /* Release */,
			);
			defaultConfigurationIsVisible = 0;
			defaultConfigurationName = Release;
		};
		CE436D2E2912359D001B00D0 /* Build configuration list for PBXNativeTarget "USDzExperience" */ = {
			isa = XCConfigurationList;
			buildConfigurations = (
				CE436D2F2912359D001B00D0 /* Debug */,
				CE436D302912359D001B00D0 /* Release */,
			);
			defaultConfigurationIsVisible = 0;
			defaultConfigurationName = Release;
		};
/* End XCConfigurationList section */
	};
	rootObject = CE436D182912359A001B00D0 /* Project object */;
}
